{
  "pins" : [
    {
      "identity" : "vlshapekit",
      "kind" : "remoteSourceControl",
      "location" : "https://github.com/VLstack/VLShapeKit.git",
      "state" : {
        "revision" : "36e5a334c4855f6f0361057cbd06ebd36b7bac5b",
        "version" : "1.1.0"
      }
    }
  ],
  "version" : 2
}
